
Microsoft Visual Studio Solution File, Format Version 11.00
# Visual Studio 2010
# SharpDevelop 5.1
Project("{FAE04EC0-301F-11D3-BF4B-00C04F79EFBC}") = "PyQtForm", "PyQtForm.csproj", "{782D47B5-57DE-418E-9A46-031156906D1E}"
EndProject
Global
	GlobalSection(SolutionConfigurationPlatforms) = preSolution
		Debug|Any CPU = Debug|Any CPU
		Release|Any CPU = Release|Any CPU
	EndGlobalSection
	GlobalSection(ProjectConfigurationPlatforms) = postSolution
		{782D47B5-57DE-418E-9A46-031156906D1E}.Debug|Any CPU.ActiveCfg = Debug|Any CPU
		{782D47B5-57DE-418E-9A46-031156906D1E}.Debug|Any CPU.Build.0 = Debug|Any CPU
		{782D47B5-57DE-418E-9A46-031156906D1E}.Release|Any CPU.ActiveCfg = Release|Any CPU
		{782D47B5-57DE-418E-9A46-031156906D1E}.Release|Any CPU.Build.0 = Release|Any CPU
	EndGlobalSection
EndGlobal
